# This file is automatically @generated by Poetry 1.8.3 and should not be changed by hand.

[[package]]
name = "cadquery"
version = "2.5.0.dev0"
description = "CadQuery is a parametric  scripting language for creating and traversing CAD models"
optional = false
python-versions = ">=3.9"
files = []
develop = false

[package.dependencies]
cadquery-ocp = ">=7.7.0a0,<7.8"
casadi = "*"
ezdxf = "*"
multimethod = ">=1.11,<2.0"
nlopt = "*"
path = "*"
typish = "*"

[package.extras]
dev = ["black @ git+https://github.com/cadquery/black.git@cq", "docutils", "ipython", "pytest"]
ipython = ["ipython"]

[package.source]
type = "git"
url = "https://github.com/CadQuery/cadquery"
reference = "HEAD"
resolved_reference = "5429f618c6723b47f07ba5394a912e22b0dd5cff"

[[package]]
name = "cadquery-ocp"
version = "7.7.2"
description = "OCP+VTK wheel with shared library dependencies bundled."
optional = false
python-versions = "*"
files = [
    {file = "cadquery_ocp-7.7.2-cp310-cp310-macosx_10_9_x86_64.whl", hash = "sha256:7f2faf716855f9a8372493e001e6e318da75b046472e7ee69881d2a4e6b65a04"},
    {file = "cadquery_ocp-7.7.2-cp310-cp310-manylinux_2_35_x86_64.whl", hash = "sha256:35e2c8ca923e4ba77b833357eb14c7e8a939f17285ef6acde7c26961989a8dfe"},
    {file = "cadquery_ocp-7.7.2-cp310-cp310-win_amd64.whl", hash = "sha256:4fc230711d52a9e7d71ab4c79c957287c7f2f85e5f09e036b573e6851df4d1ba"},
    {file = "cadquery_ocp-7.7.2-cp311-cp311-macosx_10_9_x86_64.whl", hash = "sha256:488401fa4d070e3eb17729fb8b6494bd3577f0913c4e901e674c4d8fcd9ac1fe"},
    {file = "cadquery_ocp-7.7.2-cp311-cp311-manylinux_2_35_x86_64.whl", hash = "sha256:2be9408551c03e1c715e3b158b41ce458178ecf530ba644e3e884a5989feb611"},
    {file = "cadquery_ocp-7.7.2-cp311-cp311-win_amd64.whl", hash = "sha256:8e1f90250924ac50344bf0867e3d9a927f077583351b270b4e0e171033dd2046"},
    {file = "cadquery_ocp-7.7.2-cp312-cp312-macosx_10_9_x86_64.whl", hash = "sha256:78a7903267cd9986181b634a315ca66fac1bb9e6dbfaf60724d812b3a2cc77bf"},
    {file = "cadquery_ocp-7.7.2-cp312-cp312-manylinux_2_35_x86_64.whl", hash = "sha256:7ac2d83b4f4b3d7c35421a1d9f8fec2adc73b6ed6cac50c1ffcede5552e38e9b"},
    {file = "cadquery_ocp-7.7.2-cp312-cp312-win_amd64.whl", hash = "sha256:d9e5c8ef5aeb1d3fb8f0b207ed1a2b781d22dc3e9b9c0551f52342f5a6ee7fc5"},
    {file = "cadquery_ocp-7.7.2-cp38-cp38-macosx_10_9_x86_64.whl", hash = "sha256:7134e629559ba110a4d0cda53cb6a30c0af52524f7a6151e772d4b720ef508be"},
    {file = "cadquery_ocp-7.7.2-cp38-cp38-manylinux_2_35_x86_64.whl", hash = "sha256:73183f141514e507c45a1e4ba1d25f1fdc604b20dd42bed7c8168f468632686b"},
    {file = "cadquery_ocp-7.7.2-cp38-cp38-win_amd64.whl", hash = "sha256:9e40840e1f4da5e0a8f1eb2168efc33ae65ac8e046c27a49936a2e9931fc1711"},
    {file = "cadquery_ocp-7.7.2-cp39-cp39-macosx_10_9_x86_64.whl", hash = "sha256:3f6750c84f8af930f366ad22397141f3c332c39fb826edf3fe26c4e6938690f7"},
    {file = "cadquery_ocp-7.7.2-cp39-cp39-manylinux_2_35_x86_64.whl", hash = "sha256:9f6c601d1db66353f0ef7c63fde70411573e917c16fb4c7cb5d92ed85b72f154"},
    {file = "cadquery_ocp-7.7.2-cp39-cp39-win_amd64.whl", hash = "sha256:feea223eaa2dfa33684f568b5ba2b02c35e96b5d894014f98927b5c08041a6be"},
]

[[package]]
name = "casadi"
version = "3.6.6"
description = "CasADi -- framework for algorithmic differentiation and numeric optimization"
optional = false
python-versions = "*"
files = [
    {file = "casadi-3.6.6-cp27-none-macosx_10_13_x86_64.macosx_10_13_intel.whl", hash = "sha256:e969f8d4fe41f00474dc7fdc250007a1bb97f6872ccc202cca5211214340ef58"},
    {file = "casadi-3.6.6-cp27-none-manylinux1_i686.whl", hash = "sha256:2f6234b9ed2718a7e07b65cfeff9740112664e1d833c867971913be18ebb7a89"},
    {file = "casadi-3.6.6-cp27-none-manylinux2010_x86_64.whl", hash = "sha256:878ca90794f24467955979a7eec7802f7e11adf40ef390878d211449d7d299a8"},
    {file = "casadi-3.6.6-cp27-none-win_amd64.whl", hash = "sha256:f5c0e9312e58f4a35f7b7a009b423bfddd1adc065447cae248dce686cec5b08d"},
    {file = "casadi-3.6.6-cp310-none-macosx_10_13_x86_64.macosx_10_13_intel.whl", hash = "sha256:45ede033cb063751ffd7c66b29122e6a36b43e9b67c72d4c6f87e8c59506feb4"},
    {file = "casadi-3.6.6-cp310-none-macosx_11_0_arm64.whl", hash = "sha256:4eba456c01575d0f649005902be9a62db71154674caf8f5bd68f7eaa91870bbe"},
    {file = "casadi-3.6.6-cp310-none-manylinux2014_aarch64.whl", hash = "sha256:84ae0d7416dbcd7167551171aa915346153f0b9a4b15ca52aba63204761721b0"},
    {file = "casadi-3.6.6-cp310-none-manylinux2014_i686.whl", hash = "sha256:583f9f7044f7bb235fab5ffff0d2a7ad1e57a1128943e920058211cb213ba68a"},
    {file = "casadi-3.6.6-cp310-none-manylinux2014_x86_64.whl", hash = "sha256:ed44f4976f9fd940ca28ccf7e268da44b5e6bfd0ba12734dcd7d49cc749f4325"},
    {file = "casadi-3.6.6-cp310-none-win_amd64.whl", hash = "sha256:da7c8be781a457852810f69167897819ceee96afe061df9f9270b709ddc09e78"},
    {file = "casadi-3.6.6-cp311-none-macosx_10_13_x86_64.macosx_10_13_intel.whl", hash = "sha256:bbfa84129c534e17f4abfeb42b3f6d8d86b8602f93b756b73a9e43febfb9f1f0"},
    {file = "casadi-3.6.6-cp311-none-macosx_11_0_arm64.whl", hash = "sha256:1af055099cf650d5be35dc19fb093b1d6a7e9b11c6ab47746044a3783e268bdf"},
    {file = "casadi-3.6.6-cp311-none-manylinux2014_aarch64.whl", hash = "sha256:ffcba96fe3695223c9f88b9d870cbeb08b7adb92929bfe15bad0e2143e62790d"},
    {file = "casadi-3.6.6-cp311-none-manylinux2014_i686.whl", hash = "sha256:0fd493876c673ad149b03513c4f72275611643f2225f4f5d7c7ff828f75805a1"},
    {file = "casadi-3.6.6-cp311-none-manylinux2014_x86_64.whl", hash = "sha256:4a8e0660f19a18bc9c2ebe2da6e76589e464c613045dfd623e373d9638ace507"},
    {file = "casadi-3.6.6-cp311-none-win_amd64.whl", hash = "sha256:3bab3f398b4b4ea39d861c19a99d95ae3210fa1cb8acee2903538dcdb415b253"},
    {file = "casadi-3.6.6-cp312-none-macosx_10_13_x86_64.macosx_10_13_intel.whl", hash = "sha256:6cd3e42e29c1011eb644b5686df309935febec80c2a5893f12f226b3dc710f21"},
    {file = "casadi-3.6.6-cp312-none-macosx_11_0_arm64.whl", hash = "sha256:aa4840aeb5457728ec70cf6b30142bfb9215378b1b8e622c8d799c03f9c1a0c2"},
    {file = "casadi-3.6.6-cp312-none-manylinux2014_aarch64.whl", hash = "sha256:ed024102d03713db772cb98fe5147c3ff59e0aea3113c2e80b86b4e76dfeb163"},
    {file = "casadi-3.6.6-cp312-none-manylinux2014_i686.whl", hash = "sha256:7197e0ba22472227e2e85f4ba6f7f1a8624fb2675c9a0e92da1ac4f3927b603d"},
    {file = "casadi-3.6.6-cp312-none-manylinux2014_x86_64.whl", hash = "sha256:3b1fc585faf0d41aa7fd41b0ac1079b8eda5ad8cc8d0cc042cfceb44352827f5"},
    {file = "casadi-3.6.6-cp312-none-win_amd64.whl", hash = "sha256:1111aed9afee22c52ba824d60e189a93b8db379d3749ea6d51434c796c7db74f"},
    {file = "casadi-3.6.6-cp35-none-macosx_10_13_x86_64.macosx_10_13_intel.whl", hash = "sha256:55b3b4b1c548f6af8fa0703b6bf848540da26becd8cd5fa1c73887b16240ea5f"},
    {file = "casadi-3.6.6-cp35-none-manylinux1_i686.whl", hash = "sha256:13cdb06c702e1dc666087832516863516a80219fb97923b4da57561454225f0f"},
    {file = "casadi-3.6.6-cp35-none-manylinux2010_x86_64.whl", hash = "sha256:9b7c610d67f5452b61e194e224fee679c0e708027821bc90f93548cc805a3744"},
    {file = "casadi-3.6.6-cp35-none-win_amd64.whl", hash = "sha256:0870df9ac7040c14b35fdc82b74578ccfe8f1d9d8615eb79693a560fefb42307"},
    {file = "casadi-3.6.6-cp36-none-macosx_10_13_x86_64.macosx_10_13_intel.whl", hash = "sha256:17cdd6c7beb49f335f554938a39a7d96d329545ac786da277bedf3fa1472bde5"},
    {file = "casadi-3.6.6-cp36-none-manylinux2014_aarch64.whl", hash = "sha256:17c9d369aa55c5410002e038f2d9e010595877e6e7a5671413c468e0f6d0ef54"},
    {file = "casadi-3.6.6-cp36-none-manylinux2014_i686.whl", hash = "sha256:dc77c9093cdd642bea58f4e8bd4413e19397d77270b2659f4b0e06f23e575364"},
    {file = "casadi-3.6.6-cp36-none-manylinux2014_x86_64.whl", hash = "sha256:826428d2c84b2fffcddaa720ba176d3dba294fe337045a997a7f4febb1030231"},
    {file = "casadi-3.6.6-cp36-none-win_amd64.whl", hash = "sha256:81ef7b8764e9deff7da59ba7d19a107ae3da33e9c4e6420f9a02f290448f9bab"},
    {file = "casadi-3.6.6-cp37-none-macosx_10_13_x86_64.macosx_10_13_intel.whl", hash = "sha256:dd63609c54f3aaabfbfc4d51948d863ad3dfef55c66f689e9a2b96eef2a0bc96"},
    {file = "casadi-3.6.6-cp37-none-manylinux2014_aarch64.whl", hash = "sha256:4bc3d0f461d131407444386e63b2752ae60745f705fb7a587341a84103ac774a"},
    {file = "casadi-3.6.6-cp37-none-manylinux2014_i686.whl", hash = "sha256:a63a7d7a74f3242f1cf6e7b51aab01fcf26124809894db9b52ba32e7b8b408a3"},
    {file = "casadi-3.6.6-cp37-none-manylinux2014_x86_64.whl", hash = "sha256:95c23a2b81399a711ffbf1997856f35f270bbf0ad6f265fe7499fe1e76074d0f"},
    {file = "casadi-3.6.6-cp37-none-win_amd64.whl", hash = "sha256:473f553ac8b94c80e4a88c3373e50910769fc7838f8cd5e2dfb63964657bf585"},
    {file = "casadi-3.6.6-cp38-none-macosx_10_13_x86_64.macosx_10_13_intel.whl", hash = "sha256:91209bc70764a50ddd1d8fb3f38974baed1419ead64b241541aff47a3dddbeda"},
    {file = "casadi-3.6.6-cp38-none-macosx_11_0_arm64.whl", hash = "sha256:86b23093f3423120e2635b965b8eacae6c45dd22923cb1eaf3c05bfb21db5a32"},
    {file = "casadi-3.6.6-cp38-none-manylinux2014_aarch64.whl", hash = "sha256:f0c5593b636980d2c434beecdd2a15de7ae69b1c42bd1fbdb46d1599d40c04b9"},
    {file = "casadi-3.6.6-cp38-none-manylinux2014_i686.whl", hash = "sha256:eae6395efafb03509f202ce5f0ff6a35382cf61912bdd65d72f5c246aa1922d9"},
    {file = "casadi-3.6.6-cp38-none-manylinux2014_x86_64.whl", hash = "sha256:e2d76092d04847ee6b06adc25cfc8227590cde403cd1fa7a2a621e1accbf5d1a"},
    {file = "casadi-3.6.6-cp38-none-win_amd64.whl", hash = "sha256:d1a9d2d7bbd495592d2148031b8a76eaeb096cd49ee6638684dbe3ea59bf1777"},
    {file = "casadi-3.6.6-cp39-none-macosx_10_13_x86_64.macosx_10_13_intel.whl", hash = "sha256:90c6cc0afa9ee4c6d9d4f8b3ce72b1bc8d873503227627dd8d645cddc9877fe9"},
    {file = "casadi-3.6.6-cp39-none-macosx_11_0_arm64.whl", hash = "sha256:7ce6dc242809484f36c45685e624919641dbebce54b7437a639d532d323163ee"},
    {file = "casadi-3.6.6-cp39-none-manylinux2014_aarch64.whl", hash = "sha256:bc9a9376ff412eecff0499c521486b7245d98e1022124c664ba72df8df88bde6"},
    {file = "casadi-3.6.6-cp39-none-manylinux2014_i686.whl", hash = "sha256:6c91ed045236475ceba515a6f9fc37dbb9460647cdbd8f9e94ce79ec1d91c852"},
    {file = "casadi-3.6.6-cp39-none-manylinux2014_x86_64.whl", hash = "sha256:cc3594b348f306018b142638d0a8c4026f80e996b4e9798fc504899256a7b029"},
    {file = "casadi-3.6.6-cp39-none-win_amd64.whl", hash = "sha256:5d3fb9358a0570b539893b1bd85219ba5398d03cf2f6a7d07ccbc1a053e424c7"},
    {file = "casadi-3.6.6.tar.gz", hash = "sha256:104601d37ab7ebf897bce7e097823bb090dd7629a7cc4c2e76780f46fc0e59f6"},
]

[package.dependencies]
numpy = "*"

[[package]]
name = "ezdxf"
version = "1.3.3"
description = "A Python package to create/manipulate DXF drawings."
optional = false
python-versions = ">=3.9"
files = [
    {file = "ezdxf-1.3.3-cp310-cp310-macosx_10_9_universal2.whl", hash = "sha256:a83a715883932407f59f71b90bdb319a4d773ac0ea238b268e655e96831bac5b"},
    {file = "ezdxf-1.3.3-cp310-cp310-macosx_10_9_x86_64.whl", hash = "sha256:9d29aa961a2b645561d51377ca1ee911c3acd4ad0a31e7d767e05e60448b3b90"},
    {file = "ezdxf-1.3.3-cp310-cp310-macosx_11_0_arm64.whl", hash = "sha256:7049a31a8751c82c808c509d55430a2832e0f075beca7a831233a8705aa76d71"},
    {file = "ezdxf-1.3.3-cp310-cp310-manylinux_2_17_aarch64.manylinux2014_aarch64.whl", hash = "sha256:f76f31c9022fece02ba98328c140fb2a75efb83b81039eef4123c2a4a1bf7c40"},
    {file = "ezdxf-1.3.3-cp310-cp310-manylinux_2_17_x86_64.manylinux2014_x86_64.whl", hash = "sha256:915e12e3626db36dc4ab1c5e5e29951a18d3c5355e824b9dc083fe14f30b795d"},
    {file = "ezdxf-1.3.3-cp310-cp310-musllinux_1_1_aarch64.whl", hash = "sha256:c995a02ddc0e942678da71c2cd2d314146f97065a9af0dc5ffc295661688a783"},
    {file = "ezdxf-1.3.3-cp310-cp310-musllinux_1_1_x86_64.whl", hash = "sha256:7e39149a7d4fb0c83a87f920a01d19ea0ae137c3609fa2b47ec75a519c37e321"},
    {file = "ezdxf-1.3.3-cp310-cp310-win_amd64.whl", hash = "sha256:37210ed991b3decaf6cb017842d6e2c84282b57c7cae17204cedb4b109b32512"},
    {file = "ezdxf-1.3.3-cp311-cp311-macosx_10_9_universal2.whl", hash = "sha256:ebd3681874b423d88c834b2486d4cdd2313fafacbf1cb3df2ae87b7118a5ced3"},
    {file = "ezdxf-1.3.3-cp311-cp311-macosx_10_9_x86_64.whl", hash = "sha256:7dadb3cb3913b5a68b0ea1a5586b11cd8ff17d4beb3dc98efe7161b81f0161a2"},
    {file = "ezdxf-1.3.3-cp311-cp311-macosx_11_0_arm64.whl", hash = "sha256:8700370b5d96533c4bc3b199c322b617b2ea55407beb0c2a9529754b73cda7ce"},
    {file = "ezdxf-1.3.3-cp311-cp311-manylinux_2_17_aarch64.manylinux2014_aarch64.whl", hash = "sha256:403b5d118570b47d268b02836f7d1cad7568b94a1dc9c15183141122f4e97b17"},
    {file = "ezdxf-1.3.3-cp311-cp311-manylinux_2_17_x86_64.manylinux2014_x86_64.whl", hash = "sha256:4b87027993690d941edf67c7fee096b19ba113efd3b2ec0ccf2ce484088e8665"},
    {file = "ezdxf-1.3.3-cp311-cp311-musllinux_1_1_aarch64.whl", hash = "sha256:dee2be42454340767d55890ae8cc6bcf3c3b708b265cbf5a67d95710ccc424cc"},
    {file = "ezdxf-1.3.3-cp311-cp311-musllinux_1_1_x86_64.whl", hash = "sha256:113f5039ab7095403f2baf2c0e806d66be27e0981bf65ec5d4ec1835543a840f"},
    {file = "ezdxf-1.3.3-cp311-cp311-win_amd64.whl", hash = "sha256:781f5c3336509f1064001db0360ef63105b12153382ac35e4791455cc442f61d"},
    {file = "ezdxf-1.3.3-cp312-cp312-macosx_10_9_universal2.whl", hash = "sha256:8038538f6752008e2b219a028ee8c3073121b935dd5e32ee68c33c66a9fefc78"},
    {file = "ezdxf-1.3.3-cp312-cp312-macosx_10_9_x86_64.whl", hash = "sha256:dffa1f1adc4cff50a07ffc0b8ed580017939cace8cd01f7bc1b2c6890bb3eb7f"},
    {file = "ezdxf-1.3.3-cp312-cp312-macosx_11_0_arm64.whl", hash = "sha256:6d12ac73854cac1f9edb2f966450b03400c46c116e043d80e16b66b815a6061f"},
    {file = "ezdxf-1.3.3-cp312-cp312-manylinux_2_17_aarch64.manylinux2014_aarch64.whl", hash = "sha256:b5ccd8459a46a8980103465afa3ccda37b104d870020ce4e2981a8af07be6d7f"},
    {file = "ezdxf-1.3.3-cp312-cp312-manylinux_2_17_x86_64.manylinux2014_x86_64.whl", hash = "sha256:74ad4668200347c15d09ca8cb7ca4cdf5ddc9f490fe0eab4548bac32b616fe0b"},
    {file = "ezdxf-1.3.3-cp312-cp312-musllinux_1_1_aarch64.whl", hash = "sha256:caf20732de15e7f7af6df4212d1ac672a5089de66ca4223872dfa3f80155407a"},
    {file = "ezdxf-1.3.3-cp312-cp312-musllinux_1_1_x86_64.whl", hash = "sha256:b3d1f62271b26284f80e12336a74fe7010d1e9ffcac4797ffddda6c5a8869d4a"},
    {file = "ezdxf-1.3.3-cp312-cp312-win_amd64.whl", hash = "sha256:b2bb4cc285f8978399ec7d23ed9d27fd174fbf2ee0eb1e7558318fa146861126"},
    {file = "ezdxf-1.3.3-cp39-cp39-macosx_10_9_universal2.whl", hash = "sha256:322cd1ef4cba631233a0efe2f16cd9acb8faffcd1091f857b74387281f7d8751"},
    {file = "ezdxf-1.3.3-cp39-cp39-macosx_10_9_x86_64.whl", hash = "sha256:790df93a11e1525f7aeba190273b071e96bb349675f9ff4a26ed4cd4ea2adb2b"},
    {file = "ezdxf-1.3.3-cp39-cp39-macosx_11_0_arm64.whl", hash = "sha256:4744c0374d6c5c6a2666fb939ed02b4e098a96527ce79a19a5bc1d1d38a1b08e"},
    {file = "ezdxf-1.3.3-cp39-cp39-manylinux_2_17_aarch64.manylinux2014_aarch64.whl", hash = "sha256:b64506d6e59b8c12e04641732a93e3371d90427e2671e1d736f6cf161225cacc"},
    {file = "ezdxf-1.3.3-cp39-cp39-manylinux_2_5_x86_64.manylinux1_x86_64.manylinux_2_12_x86_64.manylinux2010_x86_64.whl", hash = "sha256:288550ca3b6b9ed6e490d8e3a9f9e4120589fd21d9285e0b8f5bb9d9f3fe42cc"},
    {file = "ezdxf-1.3.3-cp39-cp39-musllinux_1_1_aarch64.whl", hash = "sha256:4b345a34f6841b679d4e0847e7a3db9d1b133310d6c2291f39b6cb63707cd1c0"},
    {file = "ezdxf-1.3.3-cp39-cp39-musllinux_1_1_x86_64.whl", hash = "sha256:53029e9449868d306cf6f1167c6558f918f2b9f84c10ea8cefefda7e41380674"},
    {file = "ezdxf-1.3.3-cp39-cp39-win_amd64.whl", hash = "sha256:fdf2b78f04e1522fc79ca5edf11254af7d17221721a17a0a5ad55c96d425cdd1"},
    {file = "ezdxf-1.3.3-py3-none-any.whl", hash = "sha256:1ce32f09694d0982317dd8d57b2e84746d5c1f5e02cc147e82efeaee93c0ed7a"},
    {file = "ezdxf-1.3.3.zip", hash = "sha256:97608229bb1deb5857daedde34140686eef1ea96781da00791f5fd216cdd0d01"},
]

[package.dependencies]
fonttools = "*"
numpy = "*"
pyparsing = ">=2.0.1"
typing-extensions = ">=4.6.0"

[package.extras]
dev = ["Cython", "Pillow", "PyMuPDF (>=1.20.0)", "PySide6", "matplotlib", "pytest", "setuptools", "wheel"]
dev5 = ["Cython", "Pillow", "PyMuPDF (>=1.20.0)", "PyQt5", "matplotlib", "pytest", "setuptools", "wheel"]
draw = ["Pillow", "PyMuPDF (>=1.20.0)", "PySide6", "matplotlib"]
draw5 = ["Pillow", "PyMuPDF (>=1.20.0)", "PyQt5", "matplotlib"]

[[package]]
name = "fonttools"
version = "4.53.1"
description = "Tools to manipulate font files"
optional = false
python-versions = ">=3.8"
files = [
    {file = "fonttools-4.53.1-cp310-cp310-macosx_10_9_universal2.whl", hash = "sha256:0679a30b59d74b6242909945429dbddb08496935b82f91ea9bf6ad240ec23397"},
    {file = "fonttools-4.53.1-cp310-cp310-macosx_11_0_arm64.whl", hash = "sha256:e8bf06b94694251861ba7fdeea15c8ec0967f84c3d4143ae9daf42bbc7717fe3"},
    {file = "fonttools-4.53.1-cp310-cp310-manylinux_2_17_aarch64.manylinux2014_aarch64.whl", hash = "sha256:b96cd370a61f4d083c9c0053bf634279b094308d52fdc2dd9a22d8372fdd590d"},
    {file = "fonttools-4.53.1-cp310-cp310-manylinux_2_17_x86_64.manylinux2014_x86_64.whl", hash = "sha256:a1c7c5aa18dd3b17995898b4a9b5929d69ef6ae2af5b96d585ff4005033d82f0"},
    {file = "fonttools-4.53.1-cp310-cp310-musllinux_1_2_aarch64.whl", hash = "sha256:e013aae589c1c12505da64a7d8d023e584987e51e62006e1bb30d72f26522c41"},
    {file = "fonttools-4.53.1-cp310-cp310-musllinux_1_2_x86_64.whl", hash = "sha256:9efd176f874cb6402e607e4cc9b4a9cd584d82fc34a4b0c811970b32ba62501f"},
    {file = "fonttools-4.53.1-cp310-cp310-win32.whl", hash = "sha256:c8696544c964500aa9439efb6761947393b70b17ef4e82d73277413f291260a4"},
    {file = "fonttools-4.53.1-cp310-cp310-win_amd64.whl", hash = "sha256:8959a59de5af6d2bec27489e98ef25a397cfa1774b375d5787509c06659b3671"},
    {file = "fonttools-4.53.1-cp311-cp311-macosx_10_9_universal2.whl", hash = "sha256:da33440b1413bad53a8674393c5d29ce64d8c1a15ef8a77c642ffd900d07bfe1"},
    {file = "fonttools-4.53.1-cp311-cp311-macosx_11_0_arm64.whl", hash = "sha256:5ff7e5e9bad94e3a70c5cd2fa27f20b9bb9385e10cddab567b85ce5d306ea923"},
    {file = "fonttools-4.53.1-cp311-cp311-manylinux_2_17_aarch64.manylinux2014_aarch64.whl", hash = "sha256:c6e7170d675d12eac12ad1a981d90f118c06cf680b42a2d74c6c931e54b50719"},
    {file = "fonttools-4.53.1-cp311-cp311-manylinux_2_17_x86_64.manylinux2014_x86_64.whl", hash = "sha256:bee32ea8765e859670c4447b0817514ca79054463b6b79784b08a8df3a4d78e3"},
    {file = "fonttools-4.53.1-cp311-cp311-musllinux_1_2_aarch64.whl", hash = "sha256:6e08f572625a1ee682115223eabebc4c6a2035a6917eac6f60350aba297ccadb"},
    {file = "fonttools-4.53.1-cp311-cp311-musllinux_1_2_x86_64.whl", hash = "sha256:b21952c092ffd827504de7e66b62aba26fdb5f9d1e435c52477e6486e9d128b2"},
    {file = "fonttools-4.53.1-cp311-cp311-win32.whl", hash = "sha256:9dfdae43b7996af46ff9da520998a32b105c7f098aeea06b2226b30e74fbba88"},
    {file = "fonttools-4.53.1-cp311-cp311-win_amd64.whl", hash = "sha256:d4d0096cb1ac7a77b3b41cd78c9b6bc4a400550e21dc7a92f2b5ab53ed74eb02"},
    {file = "fonttools-4.53.1-cp312-cp312-macosx_10_9_universal2.whl", hash = "sha256:d92d3c2a1b39631a6131c2fa25b5406855f97969b068e7e08413325bc0afba58"},
    {file = "fonttools-4.53.1-cp312-cp312-macosx_11_0_arm64.whl", hash = "sha256:3b3c8ebafbee8d9002bd8f1195d09ed2bd9ff134ddec37ee8f6a6375e6a4f0e8"},
    {file = "fonttools-4.53.1-cp312-cp312-manylinux_2_17_aarch64.manylinux2014_aarch64.whl", hash = "sha256:32f029c095ad66c425b0ee85553d0dc326d45d7059dbc227330fc29b43e8ba60"},
    {file = "fonttools-4.53.1-cp312-cp312-manylinux_2_5_x86_64.manylinux1_x86_64.manylinux_2_17_x86_64.manylinux2014_x86_64.whl", hash = "sha256:10f5e6c3510b79ea27bb1ebfcc67048cde9ec67afa87c7dd7efa5c700491ac7f"},
    {file = "fonttools-4.53.1-cp312-cp312-musllinux_1_2_aarch64.whl", hash = "sha256:f677ce218976496a587ab17140da141557beb91d2a5c1a14212c994093f2eae2"},
    {file = "fonttools-4.53.1-cp312-cp312-musllinux_1_2_x86_64.whl", hash = "sha256:9e6ceba2a01b448e36754983d376064730690401da1dd104ddb543519470a15f"},
    {file = "fonttools-4.53.1-cp312-cp312-win32.whl", hash = "sha256:791b31ebbc05197d7aa096bbc7bd76d591f05905d2fd908bf103af4488e60670"},
    {file = "fonttools-4.53.1-cp312-cp312-win_amd64.whl", hash = "sha256:6ed170b5e17da0264b9f6fae86073be3db15fa1bd74061c8331022bca6d09bab"},
    {file = "fonttools-4.53.1-cp38-cp38-macosx_10_9_universal2.whl", hash = "sha256:c818c058404eb2bba05e728d38049438afd649e3c409796723dfc17cd3f08749"},
    {file = "fonttools-4.53.1-cp38-cp38-macosx_11_0_arm64.whl", hash = "sha256:651390c3b26b0c7d1f4407cad281ee7a5a85a31a110cbac5269de72a51551ba2"},
    {file = "fonttools-4.53.1-cp38-cp38-manylinux_2_17_aarch64.manylinux2014_aarch64.whl", hash = "sha256:e54f1bba2f655924c1138bbc7fa91abd61f45c68bd65ab5ed985942712864bbb"},
    {file = "fonttools-4.53.1-cp38-cp38-manylinux_2_17_x86_64.manylinux2014_x86_64.whl", hash = "sha256:c9cd19cf4fe0595ebdd1d4915882b9440c3a6d30b008f3cc7587c1da7b95be5f"},
    {file = "fonttools-4.53.1-cp38-cp38-musllinux_1_2_aarch64.whl", hash = "sha256:2af40ae9cdcb204fc1d8f26b190aa16534fcd4f0df756268df674a270eab575d"},
    {file = "fonttools-4.53.1-cp38-cp38-musllinux_1_2_x86_64.whl", hash = "sha256:35250099b0cfb32d799fb5d6c651220a642fe2e3c7d2560490e6f1d3f9ae9169"},
    {file = "fonttools-4.53.1-cp38-cp38-win32.whl", hash = "sha256:f08df60fbd8d289152079a65da4e66a447efc1d5d5a4d3f299cdd39e3b2e4a7d"},
    {file = "fonttools-4.53.1-cp38-cp38-win_amd64.whl", hash = "sha256:7b6b35e52ddc8fb0db562133894e6ef5b4e54e1283dff606fda3eed938c36fc8"},
    {file = "fonttools-4.53.1-cp39-cp39-macosx_10_9_universal2.whl", hash = "sha256:75a157d8d26c06e64ace9df037ee93a4938a4606a38cb7ffaf6635e60e253b7a"},
    {file = "fonttools-4.53.1-cp39-cp39-macosx_11_0_arm64.whl", hash = "sha256:4824c198f714ab5559c5be10fd1adf876712aa7989882a4ec887bf1ef3e00e31"},
    {file = "fonttools-4.53.1-cp39-cp39-manylinux_2_17_aarch64.manylinux2014_aarch64.whl", hash = "sha256:becc5d7cb89c7b7afa8321b6bb3dbee0eec2b57855c90b3e9bf5fb816671fa7c"},
    {file = "fonttools-4.53.1-cp39-cp39-manylinux_2_17_x86_64.manylinux2014_x86_64.whl", hash = "sha256:84ec3fb43befb54be490147b4a922b5314e16372a643004f182babee9f9c3407"},
    {file = "fonttools-4.53.1-cp39-cp39-musllinux_1_2_aarch64.whl", hash = "sha256:73379d3ffdeecb376640cd8ed03e9d2d0e568c9d1a4e9b16504a834ebadc2dfb"},
    {file = "fonttools-4.53.1-cp39-cp39-musllinux_1_2_x86_64.whl", hash = "sha256:02569e9a810f9d11f4ae82c391ebc6fb5730d95a0657d24d754ed7763fb2d122"},
    {file = "fonttools-4.53.1-cp39-cp39-win32.whl", hash = "sha256:aae7bd54187e8bf7fd69f8ab87b2885253d3575163ad4d669a262fe97f0136cb"},
    {file = "fonttools-4.53.1-cp39-cp39-win_amd64.whl", hash = "sha256:e5b708073ea3d684235648786f5f6153a48dc8762cdfe5563c57e80787c29fbb"},
    {file = "fonttools-4.53.1-py3-none-any.whl", hash = "sha256:f1f8758a2ad110bd6432203a344269f445a2907dc24ef6bccfd0ac4e14e0d71d"},
    {file = "fonttools-4.53.1.tar.gz", hash = "sha256:e128778a8e9bc11159ce5447f76766cefbd876f44bd79aff030287254e4752c4"},
]

[package.extras]
all = ["brotli (>=1.0.1)", "brotlicffi (>=0.8.0)", "fs (>=2.2.0,<3)", "lxml (>=4.0)", "lz4 (>=1.7.4.2)", "matplotlib", "munkres", "pycairo", "scipy", "skia-pathops (>=0.5.0)", "sympy", "uharfbuzz (>=0.23.0)", "unicodedata2 (>=15.1.0)", "xattr", "zopfli (>=0.1.4)"]
graphite = ["lz4 (>=1.7.4.2)"]
interpolatable = ["munkres", "pycairo", "scipy"]
lxml = ["lxml (>=4.0)"]
pathops = ["skia-pathops (>=0.5.0)"]
plot = ["matplotlib"]
repacker = ["uharfbuzz (>=0.23.0)"]
symfont = ["sympy"]
type1 = ["xattr"]
ufo = ["fs (>=2.2.0,<3)"]
unicode = ["unicodedata2 (>=15.1.0)"]
woff = ["brotli (>=1.0.1)", "brotlicffi (>=0.8.0)", "zopfli (>=0.1.4)"]

[[package]]
name = "multimethod"
version = "1.12"
description = "Multiple argument dispatching."
optional = false
python-versions = ">=3.9"
files = [
    {file = "multimethod-1.12-py3-none-any.whl", hash = "sha256:fd0c473c43558908d97cc06e4d68e8f69202f167db46f7b4e4058893e7dbdf60"},
    {file = "multimethod-1.12.tar.gz", hash = "sha256:8db8ef2a8d2a247e3570cc23317680892fdf903d84c8c1053667c8e8f7671a67"},
]

[[package]]
name = "nlopt"
version = "2.8.0"
description = "Library for nonlinear optimization, wrapping many algorithms for global and local, constrained or unconstrained, optimization"
optional = false
python-versions = ">=3.9"
files = [
    {file = "nlopt-2.8.0-cp310-cp310-macosx_11_0_arm64.whl", hash = "sha256:88e35d4f57b2bae84ac5c71ccc9a7d53e0df5db33855ce1d05efdb96a63fb684"},
    {file = "nlopt-2.8.0-cp310-cp310-manylinux_2_17_x86_64.manylinux2014_x86_64.whl", hash = "sha256:893409b0321353c60945b270e549ec364665bb38c66f989df7bbe32c50886dd8"},
    {file = "nlopt-2.8.0-cp310-cp310-win_amd64.whl", hash = "sha256:b51123f8aa87905ac6a78d509b6c93fc281c157c82e878040d7bae44e0c7a350"},
    {file = "nlopt-2.8.0-cp311-cp311-macosx_11_0_arm64.whl", hash = "sha256:d9e41fd7095e0d1faa7933b40ae11cd48740bfa116ea798c6072d676c6047147"},
    {file = "nlopt-2.8.0-cp311-cp311-manylinux_2_17_x86_64.manylinux2014_x86_64.whl", hash = "sha256:b8631dcf532219156217c1c3b04ec1dea22a7368ec0d5ce958a93717acca82ca"},
    {file = "nlopt-2.8.0-cp311-cp311-win_amd64.whl", hash = "sha256:86d1ca8e2dbc7f89e13d0e158afca1fafc69b82e481fc9b669251e34ba652385"},
    {file = "nlopt-2.8.0-cp312-cp312-macosx_11_0_arm64.whl", hash = "sha256:11539da1d091fa0cb982150210445676ad3132de27696b00bcf2f8f8da686da9"},
    {file = "nlopt-2.8.0-cp312-cp312-manylinux_2_17_x86_64.manylinux2014_x86_64.whl", hash = "sha256:2fac548c26f2837f348f204860ba2ba49c60bddfe1d280e11f9a0c66dde4b1c9"},
    {file = "nlopt-2.8.0-cp312-cp312-win_amd64.whl", hash = "sha256:86733d1ce1b4fb54f1917c342d14a9631e912bab723b077cf87c7fe5c8d64d43"},
    {file = "nlopt-2.8.0-cp313-cp313-macosx_11_0_arm64.whl", hash = "sha256:1d6410d267a4a6b3ad97cd266ab9062cd19d8209eee4b9af75a0b78a9fcf738f"},
    {file = "nlopt-2.8.0-cp313-cp313-manylinux_2_17_x86_64.manylinux2014_x86_64.whl", hash = "sha256:fc2f065ca5f6b25c4f160468f1fc6272795267fb3b3d9ff4809a8a34e0b6da98"},
    {file = "nlopt-2.8.0-cp39-cp39-macosx_11_0_arm64.whl", hash = "sha256:4acba505d4e5ae84ba26b1f892a0cae2a1a5c90a5794f52305b4f6accc0b50a7"},
    {file = "nlopt-2.8.0-cp39-cp39-manylinux_2_17_x86_64.manylinux2014_x86_64.whl", hash = "sha256:8eaced0601a2bbeca61bd9ecd1e58ccada15fbd4a89d81b38c8659504875e1b2"},
    {file = "nlopt-2.8.0-cp39-cp39-win_amd64.whl", hash = "sha256:9f6b14f06ee1399bd06fd46e462cd7ebd23b8f4d1d0ebb5e7949d101e073361c"},
]

[package.dependencies]
numpy = ">=2,<3"

[[package]]
name = "numpy"
version = "2.0.2"
description = "Fundamental package for array computing in Python"
optional = false
python-versions = ">=3.9"
files = [
    {file = "numpy-2.0.2-cp310-cp310-macosx_10_9_x86_64.whl", hash = "sha256:51129a29dbe56f9ca83438b706e2e69a39892b5eda6cedcb6b0c9fdc9b0d3ece"},
    {file = "numpy-2.0.2-cp310-cp310-macosx_11_0_arm64.whl", hash = "sha256:f15975dfec0cf2239224d80e32c3170b1d168335eaedee69da84fbe9f1f9cd04"},
    {file = "numpy-2.0.2-cp310-cp310-macosx_14_0_arm64.whl", hash = "sha256:8c5713284ce4e282544c68d1c3b2c7161d38c256d2eefc93c1d683cf47683e66"},
    {file = "numpy-2.0.2-cp310-cp310-macosx_14_0_x86_64.whl", hash = "sha256:becfae3ddd30736fe1889a37f1f580e245ba79a5855bff5f2a29cb3ccc22dd7b"},
    {file = "numpy-2.0.2-cp310-cp310-manylinux_2_17_aarch64.manylinux2014_aarch64.whl", hash = "sha256:2da5960c3cf0df7eafefd806d4e612c5e19358de82cb3c343631188991566ccd"},
    {file = "numpy-2.0.2-cp310-cp310-manylinux_2_17_x86_64.manylinux2014_x86_64.whl", hash = "sha256:496f71341824ed9f3d2fd36cf3ac57ae2e0165c143b55c3a035ee219413f3318"},
    {file = "numpy-2.0.2-cp310-cp310-musllinux_1_1_x86_64.whl", hash = "sha256:a61ec659f68ae254e4d237816e33171497e978140353c0c2038d46e63282d0c8"},
    {file = "numpy-2.0.2-cp310-cp310-musllinux_1_2_aarch64.whl", hash = "sha256:d731a1c6116ba289c1e9ee714b08a8ff882944d4ad631fd411106a30f083c326"},
    {file = "numpy-2.0.2-cp310-cp310-win32.whl", hash = "sha256:984d96121c9f9616cd33fbd0618b7f08e0cfc9600a7ee1d6fd9b239186d19d97"},
    {file = "numpy-2.0.2-cp310-cp310-win_amd64.whl", hash = "sha256:c7b0be4ef08607dd04da4092faee0b86607f111d5ae68036f16cc787e250a131"},
    {file = "numpy-2.0.2-cp311-cp311-macosx_10_9_x86_64.whl", hash = "sha256:49ca4decb342d66018b01932139c0961a8f9ddc7589611158cb3c27cbcf76448"},
    {file = "numpy-2.0.2-cp311-cp311-macosx_11_0_arm64.whl", hash = "sha256:11a76c372d1d37437857280aa142086476136a8c0f373b2e648ab2c8f18fb195"},
    {file = "numpy-2.0.2-cp311-cp311-macosx_14_0_arm64.whl", hash = "sha256:807ec44583fd708a21d4a11d94aedf2f4f3c3719035c76a2bbe1fe8e217bdc57"},
    {file = "numpy-2.0.2-cp311-cp311-macosx_14_0_x86_64.whl", hash = "sha256:8cafab480740e22f8d833acefed5cc87ce276f4ece12fdaa2e8903db2f82897a"},
    {file = "numpy-2.0.2-cp311-cp311-manylinux_2_17_aarch64.manylinux2014_aarch64.whl", hash = "sha256:a15f476a45e6e5a3a79d8a14e62161d27ad897381fecfa4a09ed5322f2085669"},
    {file = "numpy-2.0.2-cp311-cp311-manylinux_2_17_x86_64.manylinux2014_x86_64.whl", hash = "sha256:13e689d772146140a252c3a28501da66dfecd77490b498b168b501835041f951"},
    {file = "numpy-2.0.2-cp311-cp311-musllinux_1_1_x86_64.whl", hash = "sha256:9ea91dfb7c3d1c56a0e55657c0afb38cf1eeae4544c208dc465c3c9f3a7c09f9"},
    {file = "numpy-2.0.2-cp311-cp311-musllinux_1_2_aarch64.whl", hash = "sha256:c1c9307701fec8f3f7a1e6711f9089c06e6284b3afbbcd259f7791282d660a15"},
    {file = "numpy-2.0.2-cp311-cp311-win32.whl", hash = "sha256:a392a68bd329eafac5817e5aefeb39038c48b671afd242710b451e76090e81f4"},
    {file = "numpy-2.0.2-cp311-cp311-win_amd64.whl", hash = "sha256:286cd40ce2b7d652a6f22efdfc6d1edf879440e53e76a75955bc0c826c7e64dc"},
    {file = "numpy-2.0.2-cp312-cp312-macosx_10_9_x86_64.whl", hash = "sha256:df55d490dea7934f330006d0f81e8551ba6010a5bf035a249ef61a94f21c500b"},
    {file = "numpy-2.0.2-cp312-cp312-macosx_11_0_arm64.whl", hash = "sha256:8df823f570d9adf0978347d1f926b2a867d5608f434a7cff7f7908c6570dcf5e"},
    {file = "numpy-2.0.2-cp312-cp312-macosx_14_0_arm64.whl", hash = "sha256:9a92ae5c14811e390f3767053ff54eaee3bf84576d99a2456391401323f4ec2c"},
    {file = "numpy-2.0.2-cp312-cp312-macosx_14_0_x86_64.whl", hash = "sha256:a842d573724391493a97a62ebbb8e731f8a5dcc5d285dfc99141ca15a3302d0c"},
    {file = "numpy-2.0.2-cp312-cp312-manylinux_2_17_aarch64.manylinux2014_aarch64.whl", hash = "sha256:c05e238064fc0610c840d1cf6a13bf63d7e391717d247f1bf0318172e759e692"},
    {file = "numpy-2.0.2-cp312-cp312-manylinux_2_17_x86_64.manylinux2014_x86_64.whl", hash = "sha256:0123ffdaa88fa4ab64835dcbde75dcdf89c453c922f18dced6e27c90d1d0ec5a"},
    {file = "numpy-2.0.2-cp312-cp312-musllinux_1_1_x86_64.whl", hash = "sha256:96a55f64139912d61de9137f11bf39a55ec8faec288c75a54f93dfd39f7eb40c"},
    {file = "numpy-2.0.2-cp312-cp312-musllinux_1_2_aarch64.whl", hash = "sha256:ec9852fb39354b5a45a80bdab5ac02dd02b15f44b3804e9f00c556bf24b4bded"},
    {file = "numpy-2.0.2-cp312-cp312-win32.whl", hash = "sha256:671bec6496f83202ed2d3c8fdc486a8fc86942f2e69ff0e986140339a63bcbe5"},
    {file = "numpy-2.0.2-cp312-cp312-win_amd64.whl", hash = "sha256:cfd41e13fdc257aa5778496b8caa5e856dc4896d4ccf01841daee1d96465467a"},
    {file = "numpy-2.0.2-cp39-cp39-macosx_10_9_x86_64.whl", hash = "sha256:9059e10581ce4093f735ed23f3b9d283b9d517ff46009ddd485f1747eb22653c"},
    {file = "numpy-2.0.2-cp39-cp39-macosx_11_0_arm64.whl", hash = "sha256:423e89b23490805d2a5a96fe40ec507407b8ee786d66f7328be214f9679df6dd"},
    {file = "numpy-2.0.2-cp39-cp39-macosx_14_0_arm64.whl", hash = "sha256:2b2955fa6f11907cf7a70dab0d0755159bca87755e831e47932367fc8f2f2d0b"},
    {file = "numpy-2.0.2-cp39-cp39-macosx_14_0_x86_64.whl", hash = "sha256:97032a27bd9d8988b9a97a8c4d2c9f2c15a81f61e2f21404d7e8ef00cb5be729"},
    {file = "numpy-2.0.2-cp39-cp39-manylinux_2_17_aarch64.manylinux2014_aarch64.whl", hash = "sha256:1e795a8be3ddbac43274f18588329c72939870a16cae810c2b73461c40718ab1"},
    {file = "numpy-2.0.2-cp39-cp39-manylinux_2_17_x86_64.manylinux2014_x86_64.whl", hash = "sha256:f26b258c385842546006213344c50655ff1555a9338e2e5e02a0756dc3e803dd"},
    {file = "numpy-2.0.2-cp39-cp39-musllinux_1_1_x86_64.whl", hash = "sha256:5fec9451a7789926bcf7c2b8d187292c9f93ea30284802a0ab3f5be8ab36865d"},
    {file = "numpy-2.0.2-cp39-cp39-musllinux_1_2_aarch64.whl", hash = "sha256:9189427407d88ff25ecf8f12469d4d39d35bee1db5d39fc5c168c6f088a6956d"},
    {file = "numpy-2.0.2-cp39-cp39-win32.whl", hash = "sha256:905d16e0c60200656500c95b6b8dca5d109e23cb24abc701d41c02d74c6b3afa"},
    {file = "numpy-2.0.2-cp39-cp39-win_amd64.whl", hash = "sha256:a3f4ab0caa7f053f6797fcd4e1e25caee367db3112ef2b6ef82d749530768c73"},
    {file = "numpy-2.0.2-pp39-pypy39_pp73-macosx_10_9_x86_64.whl", hash = "sha256:7f0a0c6f12e07fa94133c8a67404322845220c06a9e80e85999afe727f7438b8"},
    {file = "numpy-2.0.2-pp39-pypy39_pp73-macosx_14_0_x86_64.whl", hash = "sha256:312950fdd060354350ed123c0e25a71327d3711584beaef30cdaa93320c392d4"},
    {file = "numpy-2.0.2-pp39-pypy39_pp73-manylinux_2_17_x86_64.manylinux2014_x86_64.whl", hash = "sha256:26df23238872200f63518dd2aa984cfca675d82469535dc7162dc2ee52d9dd5c"},
    {file = "numpy-2.0.2-pp39-pypy39_pp73-win_amd64.whl", hash = "sha256:a46288ec55ebbd58947d31d72be2c63cbf839f0a63b49cb755022310792a3385"},
    {file = "numpy-2.0.2.tar.gz", hash = "sha256:883c987dee1880e2a864ab0dc9892292582510604156762362d9326444636e78"},
]

[[package]]
name = "path"
version = "17.0.0"
description = "A module wrapper for os.path"
optional = false
python-versions = ">=3.8"
files = [
    {file = "path-17.0.0-py3-none-any.whl", hash = "sha256:b7309739c569e30110a34c6c812e582c09ff504c43e1232817410181838918ed"},
    {file = "path-17.0.0.tar.gz", hash = "sha256:e1540261d22df1416fb1b498b3b1ed5353a371a48fe197d66611bb01e7fab2d5"},
]

[package.extras]
doc = ["furo", "jaraco.packaging (>=9.3)", "jaraco.tidelift (>=1.4)", "rst.linker (>=1.9)", "sphinx (>=3.5)", "sphinx-lint"]
test = ["appdirs", "more-itertools", "packaging", "pygments", "pytest (>=6,!=8.1.*)", "pytest-checkdocs (>=2.4)", "pytest-cov", "pytest-enabler (>=2.2)", "pytest-mypy", "pytest-ruff (>=0.2.1)", "pywin32"]

[[package]]
name = "pyparsing"
version = "3.1.4"
description = "pyparsing module - Classes and methods to define and execute parsing grammars"
optional = false
python-versions = ">=3.6.8"
files = [
    {file = "pyparsing-3.1.4-py3-none-any.whl", hash = "sha256:a6a7ee4235a3f944aa1fa2249307708f893fe5717dc603503c6c7969c070fb7c"},
    {file = "pyparsing-3.1.4.tar.gz", hash = "sha256:f86ec8d1a83f11977c9a6ea7598e8c27fc5cddfa5b07ea2241edbbde1d7bc032"},
]

[package.extras]
diagrams = ["jinja2", "railroad-diagrams"]

[[package]]
name = "typing-extensions"
version = "4.12.2"
description = "Backported and Experimental Type Hints for Python 3.8+"
optional = false
python-versions = ">=3.8"
files = [
    {file = "typing_extensions-4.12.2-py3-none-any.whl", hash = "sha256:04e5ca0351e0f3f85c6853954072df659d0d13fac324d0072316b67d7794700d"},
    {file = "typing_extensions-4.12.2.tar.gz", hash = "sha256:1a7ead55c7e559dd4dee8856e3a88b41225abfe1ce8df57b7c13915fe121ffb8"},
]

[[package]]
name = "typish"
version = "1.9.3"
description = "Functionality for types"
optional = false
python-versions = "*"
files = [
    {file = "typish-1.9.3-py3-none-any.whl", hash = "sha256:03cfee5e6eb856dbf90244e18f4e4c41044c8790d5779f4e775f63f982e2f896"},
]

[package.extras]
test = ["codecov", "coverage", "mypy", "nptyping (>=1.3.0)", "numpy", "pycodestyle", "pylint", "pytest"]

[metadata]
lock-version = "2.0"
python-versions = "*"
content-hash = "594c32ddf551e30646e6441672dfa30b0040da0ff0daa2923967df22be44f291"
