# This file is automatically @generated by Poetry 1.8.4 and should not be changed by hand.

[[package]]
name = "cadquery"
version = "2.5.0.dev0"
description = "CadQuery is a parametric  scripting language for creating and traversing CAD models"
optional = false
python-versions = "*"
files = []
develop = false

[package.source]
type = "git"
url = "https://github.com/CadQuery/cadquery"
reference = "HEAD"
resolved_reference = "5429f618c6723b47f07ba5394a912e22b0dd5cff"

[metadata]
lock-version = "2.0"
python-versions = "*"
content-hash = "801577bdbafa3c6068da9d1502cdcfa75455ffb6488d6d48567111a8717ffed3"
